
Microsoft Visual Studio Solution File, Format Version 12.00
Project("{2150E333-8FDC-42A3-9474-1A3956D46DE8}") = "implementation", "implementation", "{64403061-5731-4293-8993-0251B5B66053}"
EndProject
Project("{FAE04EC0-301F-11D3-BF4B-00C04F79EFBC}") = "SVC.Api", "implementation\SVC.Api\SVC.Api.csproj", "{EFA9C114-79F4-4383-AD25-899660976B09}"
EndProject
Project("{FAE04EC0-301F-11D3-BF4B-00C04F79EFBC}") = "SVC.Infrastructure", "implementation\SVC.Infrastructure\SVC.Infrastructure.csproj", "{B0F3C14A-F532-4554-8D67-8D43F19BB10E}"
EndProject
Project("{FAE04EC0-301F-11D3-BF4B-00C04F79EFBC}") = "SVC.Core", "implementation\SVC.Core\SVC.Core.csproj", "{D59A4668-CADA-42C7-A6B2-1585C8D1B9A3}"
EndProject
Project("{FAE04EC0-301F-11D3-BF4B-00C04F79EFBC}") = "SVC.SharedKernel", "implementation\SVC.SharedKernel\SVC.SharedKernel.csproj", "{7613234F-12C0-4EBA-8D6B-7FA79EF00ED6}"
EndProject
Project("{FAE04EC0-301F-11D3-BF4B-00C04F79EFBC}") = "SVC.MediatorCtl", "implementation\SVC.MediatorCtl\SVC.MediatorCtl.csproj", "{DA895AEF-B183-4C2F-A2FB-8EF1CA1EE722}"
EndProject
Project("{FAE04EC0-301F-11D3-BF4B-00C04F79EFBC}") = "SVC.AuditProcessor", "implementation\SVC.AuditProcessor\SVC.AuditProcessor.csproj", "{D63C43D1-60F5-4A32-A439-0CB142721C6D}"
EndProject
Project("{FAE04EC0-301F-11D3-BF4B-00C04F79EFBC}") = "SVC.ApiProxyConsumer", "implementation\SVC.ApiProxyConsumer\SVC.ApiProxyConsumer.csproj", "{F6729329-B0DE-454D-A6A3-940A63C2399D}"
EndProject
Project("{FAE04EC0-301F-11D3-BF4B-00C04F79EFBC}") = "SVC.Test", "implementation\SVC.Test\SVC.Test.csproj", "{0E1FA89E-A6D5-4091-9259-DCD84852D61B}"
EndProject
Global
	GlobalSection(SolutionConfigurationPlatforms) = preSolution
		Debug|Any CPU = Debug|Any CPU
		Release|Any CPU = Release|Any CPU
	EndGlobalSection
	GlobalSection(NestedProjects) = preSolution
		{EFA9C114-79F4-4383-AD25-899660976B09} = {64403061-5731-4293-8993-0251B5B66053}
		{B0F3C14A-F532-4554-8D67-8D43F19BB10E} = {64403061-5731-4293-8993-0251B5B66053}
		{D59A4668-CADA-42C7-A6B2-1585C8D1B9A3} = {64403061-5731-4293-8993-0251B5B66053}
		{7613234F-12C0-4EBA-8D6B-7FA79EF00ED6} = {64403061-5731-4293-8993-0251B5B66053}
		{DA895AEF-B183-4C2F-A2FB-8EF1CA1EE722} = {64403061-5731-4293-8993-0251B5B66053}
		{D63C43D1-60F5-4A32-A439-0CB142721C6D} = {64403061-5731-4293-8993-0251B5B66053}
		{F6729329-B0DE-454D-A6A3-940A63C2399D} = {64403061-5731-4293-8993-0251B5B66053}
		{0E1FA89E-A6D5-4091-9259-DCD84852D61B} = {64403061-5731-4293-8993-0251B5B66053}
	EndGlobalSection
	GlobalSection(ProjectConfigurationPlatforms) = postSolution
		{EFA9C114-79F4-4383-AD25-899660976B09}.Debug|Any CPU.ActiveCfg = Debug|Any CPU
		{EFA9C114-79F4-4383-AD25-899660976B09}.Debug|Any CPU.Build.0 = Debug|Any CPU
		{EFA9C114-79F4-4383-AD25-899660976B09}.Release|Any CPU.ActiveCfg = Release|Any CPU
		{EFA9C114-79F4-4383-AD25-899660976B09}.Release|Any CPU.Build.0 = Release|Any CPU
		{B0F3C14A-F532-4554-8D67-8D43F19BB10E}.Debug|Any CPU.ActiveCfg = Debug|Any CPU
		{B0F3C14A-F532-4554-8D67-8D43F19BB10E}.Debug|Any CPU.Build.0 = Debug|Any CPU
		{B0F3C14A-F532-4554-8D67-8D43F19BB10E}.Release|Any CPU.ActiveCfg = Release|Any CPU
		{B0F3C14A-F532-4554-8D67-8D43F19BB10E}.Release|Any CPU.Build.0 = Release|Any CPU
		{D59A4668-CADA-42C7-A6B2-1585C8D1B9A3}.Debug|Any CPU.ActiveCfg = Debug|Any CPU
		{D59A4668-CADA-42C7-A6B2-1585C8D1B9A3}.Debug|Any CPU.Build.0 = Debug|Any CPU
		{D59A4668-CADA-42C7-A6B2-1585C8D1B9A3}.Release|Any CPU.ActiveCfg = Release|Any CPU
		{D59A4668-CADA-42C7-A6B2-1585C8D1B9A3}.Release|Any CPU.Build.0 = Release|Any CPU
		{7613234F-12C0-4EBA-8D6B-7FA79EF00ED6}.Debug|Any CPU.ActiveCfg = Debug|Any CPU
		{7613234F-12C0-4EBA-8D6B-7FA79EF00ED6}.Debug|Any CPU.Build.0 = Debug|Any CPU
		{7613234F-12C0-4EBA-8D6B-7FA79EF00ED6}.Release|Any CPU.ActiveCfg = Release|Any CPU
		{7613234F-12C0-4EBA-8D6B-7FA79EF00ED6}.Release|Any CPU.Build.0 = Release|Any CPU
		{DA895AEF-B183-4C2F-A2FB-8EF1CA1EE722}.Debug|Any CPU.ActiveCfg = Debug|Any CPU
		{DA895AEF-B183-4C2F-A2FB-8EF1CA1EE722}.Debug|Any CPU.Build.0 = Debug|Any CPU
		{DA895AEF-B183-4C2F-A2FB-8EF1CA1EE722}.Release|Any CPU.ActiveCfg = Release|Any CPU
		{DA895AEF-B183-4C2F-A2FB-8EF1CA1EE722}.Release|Any CPU.Build.0 = Release|Any CPU
		{D63C43D1-60F5-4A32-A439-0CB142721C6D}.Debug|Any CPU.ActiveCfg = Debug|Any CPU
		{D63C43D1-60F5-4A32-A439-0CB142721C6D}.Debug|Any CPU.Build.0 = Debug|Any CPU
		{D63C43D1-60F5-4A32-A439-0CB142721C6D}.Release|Any CPU.ActiveCfg = Release|Any CPU
		{D63C43D1-60F5-4A32-A439-0CB142721C6D}.Release|Any CPU.Build.0 = Release|Any CPU
		{F6729329-B0DE-454D-A6A3-940A63C2399D}.Debug|Any CPU.ActiveCfg = Debug|Any CPU
		{F6729329-B0DE-454D-A6A3-940A63C2399D}.Debug|Any CPU.Build.0 = Debug|Any CPU
		{F6729329-B0DE-454D-A6A3-940A63C2399D}.Release|Any CPU.ActiveCfg = Release|Any CPU
		{F6729329-B0DE-454D-A6A3-940A63C2399D}.Release|Any CPU.Build.0 = Release|Any CPU
		{0E1FA89E-A6D5-4091-9259-DCD84852D61B}.Debug|Any CPU.ActiveCfg = Debug|Any CPU
		{0E1FA89E-A6D5-4091-9259-DCD84852D61B}.Debug|Any CPU.Build.0 = Debug|Any CPU
		{0E1FA89E-A6D5-4091-9259-DCD84852D61B}.Release|Any CPU.ActiveCfg = Release|Any CPU
		{0E1FA89E-A6D5-4091-9259-DCD84852D61B}.Release|Any CPU.Build.0 = Release|Any CPU
	EndGlobalSection
EndGlobal
